
Microsoft Visual Studio Solution File, Format Version 12.00
# Visual Studio Version 16
VisualStudioVersion = 16.0.31019.35
MinimumVisualStudioVersion = 10.0.40219.1
Project("{FAE04EC0-301F-11D3-BF4B-00C04F79EFBC}") = "PollyTests", "PollyTests\PollyTests.csproj", "{15C2E8E9-16EB-4760-AE2E-F275A991AFFA}"
EndProject
Global
	GlobalSection(SolutionConfigurationPlatforms) = preSolution
		Debug|Any CPU = Debug|Any CPU
		Release|Any CPU = Release|Any CPU
	EndGlobalSection
	GlobalSection(ProjectConfigurationPlatforms) = postSolution
		{15C2E8E9-16EB-4760-AE2E-F275A991AFFA}.Debug|Any CPU.ActiveCfg = Debug|Any CPU
		{15C2E8E9-16EB-4760-AE2E-F275A991AFFA}.Debug|Any CPU.Build.0 = Debug|Any CPU
		{15C2E8E9-16EB-4760-AE2E-F275A991AFFA}.Release|Any CPU.ActiveCfg = Release|Any CPU
		{15C2E8E9-16EB-4760-AE2E-F275A991AFFA}.Release|Any CPU.Build.0 = Release|Any CPU
	EndGlobalSection
	GlobalSection(SolutionProperties) = preSolution
		HideSolutionNode = FALSE
	EndGlobalSection
	GlobalSection(ExtensibilityGlobals) = postSolution
		SolutionGuid = {FE53FA26-E795-4A3C-8375-04CB73F753D5}
	EndGlobalSection
EndGlobal
